
Microsoft Visual Studio Solution File, Format Version 12.00
# Visual Studio 2013
Project("{2150E333-8FDC-42A3-9474-1A3956D46DE8}") = "CMakePredefinedTargets", "CMakePredefinedTargets", "{B14988C1-408D-31AD-B81B-1B10F6762006}"
EndProject
Project("{2150E333-8FDC-42A3-9474-1A3956D46DE8}") = "main", "main", "{B400A9EE-567E-3438-BBB2-B5A3105ED3A6}"
EndProject
Project("{2150E333-8FDC-42A3-9474-1A3956D46DE8}") = "CDNNApplications", "main\CDNNApplications", "{12E00AA4-ADD7-34C0-B23A-14EFD4E8C82F}"
EndProject
Project("{2150E333-8FDC-42A3-9474-1A3956D46DE8}") = "CDNNKernelModule", "main\CDNNKernelModule", "{8E5A034C-2FF4-35FE-A55C-9715033E815A}"
EndProject
Project("{2150E333-8FDC-42A3-9474-1A3956D46DE8}") = "CDNNNodeModule", "main\CDNNNodeModule", "{183EB13A-9FD1-30C1-90B7-63DBB1B982DC}"
EndProject
Project("{2150E333-8FDC-42A3-9474-1A3956D46DE8}") = "CDNNOperationModule", "main\CDNNOperationModule", "{E284469C-FAE5-397D-98D8-67810F173276}"
EndProject
Project("{2150E333-8FDC-42A3-9474-1A3956D46DE8}") = "CDNNTools", "main\CDNNTools", "{A910633B-2880-3E86-8642-93779A0716B4}"
EndProject
Project("{8BC9CEB8-8B4A-11D0-8D11-00A0C91BC942}") = "ALL_BUILD", "ALL_BUILD.vcxproj", "{A01EED95-1EDB-39B5-8417-C022FB14F133}"
	ProjectSection(ProjectDependencies) = postProject
		{24CC62E3-91AC-3D45-8675-39A9C4DD5C4C} = {24CC62E3-91AC-3D45-8675-39A9C4DD5C4C}
	EndProjectSection
EndProject
Project("{8BC9CEB8-8B4A-11D0-8D11-00A0C91BC942}") = "CDNNAppUtility", "..\CDNNTools\CDNNAppUtility\CDNNAppUtility.vcxproj", "{2D4A8F06-9D70-38AB-929E-42D22C52E743}"
	ProjectSection(ProjectDependencies) = postProject
	EndProjectSection
EndProject
Project("{8BC9CEB8-8B4A-11D0-8D11-00A0C91BC942}") = "CDNNExampleApplication", "CDNNExampleApplication.vcxproj", "{24CC62E3-91AC-3D45-8675-39A9C4DD5C4C}"
	ProjectSection(ProjectDependencies) = postProject
		{2D4A8F06-9D70-38AB-929E-42D22C52E743} = {2D4A8F06-9D70-38AB-929E-42D22C52E743}
		{0D683FC9-19FF-3E71-A427-5C0618D01C92} = {0D683FC9-19FF-3E71-A427-5C0618D01C92}
		{CF4CA5B9-00AC-3085-BB53-89B6355ED980} = {CF4CA5B9-00AC-3085-BB53-89B6355ED980}
		{F01ED143-AB3C-31B4-AF6B-4FCB4B85CD19} = {F01ED143-AB3C-31B4-AF6B-4FCB4B85CD19}
		{4EF5547E-42C3-3F8E-8571-99F55589EB66} = {4EF5547E-42C3-3F8E-8571-99F55589EB66}
		{E11D91F7-BF6B-39BE-847B-66520259E6F1} = {E11D91F7-BF6B-39BE-847B-66520259E6F1}
	EndProjectSection
EndProject
Project("{8BC9CEB8-8B4A-11D0-8D11-00A0C91BC942}") = "CDNNUtility", "..\CDNNTools\CDNNUtility\CDNNUtility.vcxproj", "{0D683FC9-19FF-3E71-A427-5C0618D01C92}"
	ProjectSection(ProjectDependencies) = postProject
	EndProjectSection
EndProject
Project("{8BC9CEB8-8B4A-11D0-8D11-00A0C91BC942}") = "INSTALL", "INSTALL.vcxproj", "{09C21E8B-47CE-3CAA-8224-844750867682}"
	ProjectSection(ProjectDependencies) = postProject
		{A01EED95-1EDB-39B5-8417-C022FB14F133} = {A01EED95-1EDB-39B5-8417-C022FB14F133}
	EndProjectSection
EndProject
Project("{8BC9CEB8-8B4A-11D0-8D11-00A0C91BC942}") = "UserNodeLibrary", "..\CDNNNodeLibrary\UserNodeLibrary\UserNodeLibrary.vcxproj", "{CF4CA5B9-00AC-3085-BB53-89B6355ED980}"
	ProjectSection(ProjectDependencies) = postProject
		{0D683FC9-19FF-3E71-A427-5C0618D01C92} = {0D683FC9-19FF-3E71-A427-5C0618D01C92}
	EndProjectSection
EndProject
Project("{8BC9CEB8-8B4A-11D0-8D11-00A0C91BC942}") = "UserPCOperationLibrary", "..\CDNNOperationLibrary\UserPCOperationLibrary\UserPCOperationLibrary.vcxproj", "{F01ED143-AB3C-31B4-AF6B-4FCB4B85CD19}"
	ProjectSection(ProjectDependencies) = postProject
		{0D683FC9-19FF-3E71-A427-5C0618D01C92} = {0D683FC9-19FF-3E71-A427-5C0618D01C92}
	EndProjectSection
EndProject
Project("{8BC9CEB8-8B4A-11D0-8D11-00A0C91BC942}") = "UserPCOperatorLibrary", "..\CDNNKernelModule\UserPCOperatorLibrary\UserPCOperatorLibrary.vcxproj", "{4EF5547E-42C3-3F8E-8571-99F55589EB66}"
	ProjectSection(ProjectDependencies) = postProject
		{0D683FC9-19FF-3E71-A427-5C0618D01C92} = {0D683FC9-19FF-3E71-A427-5C0618D01C92}
	EndProjectSection
EndProject
Project("{8BC9CEB8-8B4A-11D0-8D11-00A0C91BC942}") = "UserXM6OperatorLibrary", "..\CDNNKernelModule\UserXM6OperatorLibrary\UserXM6OperatorLibrary.vcxproj", "{E11D91F7-BF6B-39BE-847B-66520259E6F1}"
	ProjectSection(ProjectDependencies) = postProject
		{0D683FC9-19FF-3E71-A427-5C0618D01C92} = {0D683FC9-19FF-3E71-A427-5C0618D01C92}
	EndProjectSection
EndProject
Global
	GlobalSection(SolutionConfigurationPlatforms) = preSolution
		Debug|Win32 = Debug|Win32
		Release|Win32 = Release|Win32
	EndGlobalSection
	GlobalSection(ProjectConfigurationPlatforms) = postSolution
		{A01EED95-1EDB-39B5-8417-C022FB14F133}.Debug|Win32.ActiveCfg = Debug|Win32
		{A01EED95-1EDB-39B5-8417-C022FB14F133}.Debug|Win32.Build.0 = Debug|Win32
		{A01EED95-1EDB-39B5-8417-C022FB14F133}.Release|Win32.ActiveCfg = Release|Win32
		{A01EED95-1EDB-39B5-8417-C022FB14F133}.Release|Win32.Build.0 = Release|Win32
		{2D4A8F06-9D70-38AB-929E-42D22C52E743}.Debug|Win32.ActiveCfg = Debug|Win32
		{2D4A8F06-9D70-38AB-929E-42D22C52E743}.Debug|Win32.Build.0 = Debug|Win32
		{2D4A8F06-9D70-38AB-929E-42D22C52E743}.Release|Win32.ActiveCfg = Release|Win32
		{2D4A8F06-9D70-38AB-929E-42D22C52E743}.Release|Win32.Build.0 = Release|Win32
		{24CC62E3-91AC-3D45-8675-39A9C4DD5C4C}.Debug|Win32.ActiveCfg = Debug|Win32
		{24CC62E3-91AC-3D45-8675-39A9C4DD5C4C}.Debug|Win32.Build.0 = Debug|Win32
		{24CC62E3-91AC-3D45-8675-39A9C4DD5C4C}.Release|Win32.ActiveCfg = Release|Win32
		{24CC62E3-91AC-3D45-8675-39A9C4DD5C4C}.Release|Win32.Build.0 = Release|Win32
		{0D683FC9-19FF-3E71-A427-5C0618D01C92}.Debug|Win32.ActiveCfg = Debug|Win32
		{0D683FC9-19FF-3E71-A427-5C0618D01C92}.Debug|Win32.Build.0 = Debug|Win32
		{0D683FC9-19FF-3E71-A427-5C0618D01C92}.Release|Win32.ActiveCfg = Release|Win32
		{0D683FC9-19FF-3E71-A427-5C0618D01C92}.Release|Win32.Build.0 = Release|Win32
		{09C21E8B-47CE-3CAA-8224-844750867682}.Debug|Win32.ActiveCfg = Debug|Win32
		{09C21E8B-47CE-3CAA-8224-844750867682}.Release|Win32.ActiveCfg = Release|Win32
		{CF4CA5B9-00AC-3085-BB53-89B6355ED980}.Debug|Win32.ActiveCfg = Debug|Win32
		{CF4CA5B9-00AC-3085-BB53-89B6355ED980}.Debug|Win32.Build.0 = Debug|Win32
		{CF4CA5B9-00AC-3085-BB53-89B6355ED980}.Release|Win32.ActiveCfg = Release|Win32
		{CF4CA5B9-00AC-3085-BB53-89B6355ED980}.Release|Win32.Build.0 = Release|Win32
		{F01ED143-AB3C-31B4-AF6B-4FCB4B85CD19}.Debug|Win32.ActiveCfg = Debug|Win32
		{F01ED143-AB3C-31B4-AF6B-4FCB4B85CD19}.Debug|Win32.Build.0 = Debug|Win32
		{F01ED143-AB3C-31B4-AF6B-4FCB4B85CD19}.Release|Win32.ActiveCfg = Release|Win32
		{F01ED143-AB3C-31B4-AF6B-4FCB4B85CD19}.Release|Win32.Build.0 = Release|Win32
		{4EF5547E-42C3-3F8E-8571-99F55589EB66}.Debug|Win32.ActiveCfg = Debug|Win32
		{4EF5547E-42C3-3F8E-8571-99F55589EB66}.Debug|Win32.Build.0 = Debug|Win32
		{4EF5547E-42C3-3F8E-8571-99F55589EB66}.Release|Win32.ActiveCfg = Release|Win32
		{4EF5547E-42C3-3F8E-8571-99F55589EB66}.Release|Win32.Build.0 = Release|Win32
		{E11D91F7-BF6B-39BE-847B-66520259E6F1}.Debug|Win32.ActiveCfg = Debug|Win32
		{E11D91F7-BF6B-39BE-847B-66520259E6F1}.Debug|Win32.Build.0 = Debug|Win32
		{E11D91F7-BF6B-39BE-847B-66520259E6F1}.Release|Win32.ActiveCfg = Release|Win32
		{E11D91F7-BF6B-39BE-847B-66520259E6F1}.Release|Win32.Build.0 = Release|Win32
	EndGlobalSection
	GlobalSection(NestedProjects) = preSolution
		{A01EED95-1EDB-39B5-8417-C022FB14F133} = {B14988C1-408D-31AD-B81B-1B10F6762006}
		{09C21E8B-47CE-3CAA-8224-844750867682} = {B14988C1-408D-31AD-B81B-1B10F6762006}
		{12E00AA4-ADD7-34C0-B23A-14EFD4E8C82F} = {B400A9EE-567E-3438-BBB2-B5A3105ED3A6}
		{8E5A034C-2FF4-35FE-A55C-9715033E815A} = {B400A9EE-567E-3438-BBB2-B5A3105ED3A6}
		{183EB13A-9FD1-30C1-90B7-63DBB1B982DC} = {B400A9EE-567E-3438-BBB2-B5A3105ED3A6}
		{E284469C-FAE5-397D-98D8-67810F173276} = {B400A9EE-567E-3438-BBB2-B5A3105ED3A6}
		{A910633B-2880-3E86-8642-93779A0716B4} = {B400A9EE-567E-3438-BBB2-B5A3105ED3A6}
		{24CC62E3-91AC-3D45-8675-39A9C4DD5C4C} = {12E00AA4-ADD7-34C0-B23A-14EFD4E8C82F}
		{4EF5547E-42C3-3F8E-8571-99F55589EB66} = {8E5A034C-2FF4-35FE-A55C-9715033E815A}
		{E11D91F7-BF6B-39BE-847B-66520259E6F1} = {8E5A034C-2FF4-35FE-A55C-9715033E815A}
		{CF4CA5B9-00AC-3085-BB53-89B6355ED980} = {183EB13A-9FD1-30C1-90B7-63DBB1B982DC}
		{F01ED143-AB3C-31B4-AF6B-4FCB4B85CD19} = {E284469C-FAE5-397D-98D8-67810F173276}
		{2D4A8F06-9D70-38AB-929E-42D22C52E743} = {A910633B-2880-3E86-8642-93779A0716B4}
		{0D683FC9-19FF-3E71-A427-5C0618D01C92} = {A910633B-2880-3E86-8642-93779A0716B4}
	EndGlobalSection
	GlobalSection(ExtensibilityGlobals) = postSolution
		SolutionGuid = {86B77775-D272-37F7-B63D-E2E22CEBFEB2}
	EndGlobalSection
	GlobalSection(ExtensibilityAddIns) = postSolution
	EndGlobalSection
EndGlobal
